
Microsoft Visual Studio Solution File, Format Version 12.00
# Visual Studio Version 16
VisualStudioVersion = 16.0.28803.202
MinimumVisualStudioVersion = 10.0.40219.1
Project("{FAE04EC0-301F-11D3-BF4B-00C04F79EFBC}") = "Time3", "Time3\Time3.csproj", "{A6120C5F-5FDE-4F50-AE43-ADD197146A22}"
EndProject
Global
	GlobalSection(SolutionConfigurationPlatforms) = preSolution
		Debug|Any CPU = Debug|Any CPU
		Release|Any CPU = Release|Any CPU
	EndGlobalSection
	GlobalSection(ProjectConfigurationPlatforms) = postSolution
		{A6120C5F-5FDE-4F50-AE43-ADD197146A22}.Debug|Any CPU.ActiveCfg = Debug|Any CPU
		{A6120C5F-5FDE-4F50-AE43-ADD197146A22}.Debug|Any CPU.Build.0 = Debug|Any CPU
		{A6120C5F-5FDE-4F50-AE43-ADD197146A22}.Release|Any CPU.ActiveCfg = Release|Any CPU
		{A6120C5F-5FDE-4F50-AE43-ADD197146A22}.Release|Any CPU.Build.0 = Release|Any CPU
	EndGlobalSection
	GlobalSection(SolutionProperties) = preSolution
		HideSolutionNode = FALSE
	EndGlobalSection
	GlobalSection(ExtensibilityGlobals) = postSolution
		SolutionGuid = {35BA6A9D-FE34-4C70-BAF2-E88134E47A74}
	EndGlobalSection
EndGlobal
